
Microsoft Visual Studio Solution File, Format Version 12.00
Project("{FAE04EC0-301F-11D3-BF4B-00C04F79EFBC}") = "Box.Tests", "Box.Tests\Box.Tests.csproj", "{0953BEFE-61A1-4471-9F4A-D9B2D619D3CC}"
EndProject
Project("{FAE04EC0-301F-11D3-BF4B-00C04F79EFBC}") = "Box", "Box\Box.csproj", "{AD303B73-A830-4EEB-B91B-18DE9F5DB600}"
EndProject
Global
	GlobalSection(SolutionConfigurationPlatforms) = preSolution
		Debug|Any CPU = Debug|Any CPU
		Release|Any CPU = Release|Any CPU
	EndGlobalSection
	GlobalSection(ProjectConfigurationPlatforms) = postSolution
		{0953BEFE-61A1-4471-9F4A-D9B2D619D3CC}.Debug|Any CPU.ActiveCfg = Debug|Any CPU
		{0953BEFE-61A1-4471-9F4A-D9B2D619D3CC}.Debug|Any CPU.Build.0 = Debug|Any CPU
		{0953BEFE-61A1-4471-9F4A-D9B2D619D3CC}.Release|Any CPU.ActiveCfg = Release|Any CPU
		{0953BEFE-61A1-4471-9F4A-D9B2D619D3CC}.Release|Any CPU.Build.0 = Release|Any CPU
		{AD303B73-A830-4EEB-B91B-18DE9F5DB600}.Debug|Any CPU.ActiveCfg = Debug|Any CPU
		{AD303B73-A830-4EEB-B91B-18DE9F5DB600}.Debug|Any CPU.Build.0 = Debug|Any CPU
		{AD303B73-A830-4EEB-B91B-18DE9F5DB600}.Release|Any CPU.ActiveCfg = Release|Any CPU
		{AD303B73-A830-4EEB-B91B-18DE9F5DB600}.Release|Any CPU.Build.0 = Release|Any CPU
	EndGlobalSection
EndGlobal
