
Microsoft Visual Studio Solution File, Format Version 12.00
Project("{FAE04EC0-301F-11D3-BF4B-00C04F79EFBC}") = "Web.Api.Box", "Web.Api.Box\Web.Api.Box.csproj", "{29C1F7D1-8307-4EFA-B0CB-82D794808B28}"
EndProject
Project("{FAE04EC0-301F-11D3-BF4B-00C04F79EFBC}") = "Web.Api.Box.Tests", "Web.Api.Box.Tests\Web.Api.Box.Tests.csproj", "{012876C4-28A7-44E4-A433-F00F9A0251D2}"
EndProject
Global
	GlobalSection(SolutionConfigurationPlatforms) = preSolution
		Debug|Any CPU = Debug|Any CPU
		Release|Any CPU = Release|Any CPU
	EndGlobalSection
	GlobalSection(ProjectConfigurationPlatforms) = postSolution
		{29C1F7D1-8307-4EFA-B0CB-82D794808B28}.Debug|Any CPU.ActiveCfg = Debug|Any CPU
		{29C1F7D1-8307-4EFA-B0CB-82D794808B28}.Debug|Any CPU.Build.0 = Debug|Any CPU
		{29C1F7D1-8307-4EFA-B0CB-82D794808B28}.Release|Any CPU.ActiveCfg = Release|Any CPU
		{29C1F7D1-8307-4EFA-B0CB-82D794808B28}.Release|Any CPU.Build.0 = Release|Any CPU
		{012876C4-28A7-44E4-A433-F00F9A0251D2}.Debug|Any CPU.ActiveCfg = Debug|Any CPU
		{012876C4-28A7-44E4-A433-F00F9A0251D2}.Debug|Any CPU.Build.0 = Debug|Any CPU
		{012876C4-28A7-44E4-A433-F00F9A0251D2}.Release|Any CPU.ActiveCfg = Release|Any CPU
		{012876C4-28A7-44E4-A433-F00F9A0251D2}.Release|Any CPU.Build.0 = Release|Any CPU
	EndGlobalSection
EndGlobal
